
Microsoft Visual Studio Solution File, Format Version 12.00
# Visual Studio 15
VisualStudioVersion = 15.0.28307.329
MinimumVisualStudioVersion = 10.0.40219.1
Project("{FAE04EC0-301F-11D3-BF4B-00C04F79EFBC}") = "Notas.Android", "Notas\Notas.Android\Notas.Android.csproj", "{5C886A9E-B244-4379-833D-C57D43EC37E6}"
EndProject
Project("{FAE04EC0-301F-11D3-BF4B-00C04F79EFBC}") = "Notas.iOS", "Notas\Notas.iOS\Notas.iOS.csproj", "{21287689-D74F-490D-83EC-5DE09C3D4803}"
EndProject
Project("{FAE04EC0-301F-11D3-BF4B-00C04F79EFBC}") = "Notas", "Notas\Notas\Notas.csproj", "{283E4150-CD7A-4DB4-8E1F-82EC11691523}"
EndProject
Global
	GlobalSection(SolutionConfigurationPlatforms) = preSolution
		Ad-Hoc|Any CPU = Ad-Hoc|Any CPU
		Ad-Hoc|iPhone = Ad-Hoc|iPhone
		Ad-Hoc|iPhoneSimulator = Ad-Hoc|iPhoneSimulator
		AppStore|Any CPU = AppStore|Any CPU
		AppStore|iPhone = AppStore|iPhone
		AppStore|iPhoneSimulator = AppStore|iPhoneSimulator
		Debug|Any CPU = Debug|Any CPU
		Debug|iPhone = Debug|iPhone
		Debug|iPhoneSimulator = Debug|iPhoneSimulator
		Release|Any CPU = Release|Any CPU
		Release|iPhone = Release|iPhone
		Release|iPhoneSimulator = Release|iPhoneSimulator
	EndGlobalSection
	GlobalSection(ProjectConfigurationPlatforms) = postSolution
		{5C886A9E-B244-4379-833D-C57D43EC37E6}.Ad-Hoc|Any CPU.ActiveCfg = Release|Any CPU
		{5C886A9E-B244-4379-833D-C57D43EC37E6}.Ad-Hoc|Any CPU.Build.0 = Release|Any CPU
		{5C886A9E-B244-4379-833D-C57D43EC37E6}.Ad-Hoc|Any CPU.Deploy.0 = Release|Any CPU
		{5C886A9E-B244-4379-833D-C57D43EC37E6}.Ad-Hoc|iPhone.ActiveCfg = Release|Any CPU
		{5C886A9E-B244-4379-833D-C57D43EC37E6}.Ad-Hoc|iPhone.Build.0 = Release|Any CPU
		{5C886A9E-B244-4379-833D-C57D43EC37E6}.Ad-Hoc|iPhone.Deploy.0 = Release|Any CPU
		{5C886A9E-B244-4379-833D-C57D43EC37E6}.Ad-Hoc|iPhoneSimulator.ActiveCfg = Release|Any CPU
		{5C886A9E-B244-4379-833D-C57D43EC37E6}.Ad-Hoc|iPhoneSimulator.Build.0 = Release|Any CPU
		{5C886A9E-B244-4379-833D-C57D43EC37E6}.Ad-Hoc|iPhoneSimulator.Deploy.0 = Release|Any CPU
		{5C886A9E-B244-4379-833D-C57D43EC37E6}.AppStore|Any CPU.ActiveCfg = Release|Any CPU
		{5C886A9E-B244-4379-833D-C57D43EC37E6}.AppStore|Any CPU.Build.0 = Release|Any CPU
		{5C886A9E-B244-4379-833D-C57D43EC37E6}.AppStore|Any CPU.Deploy.0 = Release|Any CPU
		{5C886A9E-B244-4379-833D-C57D43EC37E6}.AppStore|iPhone.ActiveCfg = Release|Any CPU
		{5C886A9E-B244-4379-833D-C57D43EC37E6}.AppStore|iPhone.Build.0 = Release|Any CPU
		{5C886A9E-B244-4379-833D-C57D43EC37E6}.AppStore|iPhone.Deploy.0 = Release|Any CPU
		{5C886A9E-B244-4379-833D-C57D43EC37E6}.AppStore|iPhoneSimulator.ActiveCfg = Release|Any CPU
		{5C886A9E-B244-4379-833D-C57D43EC37E6}.AppStore|iPhoneSimulator.Build.0 = Release|Any CPU
		{5C886A9E-B244-4379-833D-C57D43EC37E6}.AppStore|iPhoneSimulator.Deploy.0 = Release|Any CPU
		{5C886A9E-B244-4379-833D-C57D43EC37E6}.Debug|Any CPU.ActiveCfg = Debug|Any CPU
		{5C886A9E-B244-4379-833D-C57D43EC37E6}.Debug|Any CPU.Build.0 = Debug|Any CPU
		{5C886A9E-B244-4379-833D-C57D43EC37E6}.Debug|Any CPU.Deploy.0 = Debug|Any CPU
		{5C886A9E-B244-4379-833D-C57D43EC37E6}.Debug|iPhone.ActiveCfg = Debug|Any CPU
		{5C886A9E-B244-4379-833D-C57D43EC37E6}.Debug|iPhone.Build.0 = Debug|Any CPU
		{5C886A9E-B244-4379-833D-C57D43EC37E6}.Debug|iPhone.Deploy.0 = Debug|Any CPU
		{5C886A9E-B244-4379-833D-C57D43EC37E6}.Debug|iPhoneSimulator.ActiveCfg = Debug|Any CPU
		{5C886A9E-B244-4379-833D-C57D43EC37E6}.Debug|iPhoneSimulator.Build.0 = Debug|Any CPU
		{5C886A9E-B244-4379-833D-C57D43EC37E6}.Debug|iPhoneSimulator.Deploy.0 = Debug|Any CPU
		{5C886A9E-B244-4379-833D-C57D43EC37E6}.Release|Any CPU.ActiveCfg = Release|Any CPU
		{5C886A9E-B244-4379-833D-C57D43EC37E6}.Release|Any CPU.Build.0 = Release|Any CPU
		{5C886A9E-B244-4379-833D-C57D43EC37E6}.Release|Any CPU.Deploy.0 = Release|Any CPU
		{5C886A9E-B244-4379-833D-C57D43EC37E6}.Release|iPhone.ActiveCfg = Release|Any CPU
		{5C886A9E-B244-4379-833D-C57D43EC37E6}.Release|iPhone.Build.0 = Release|Any CPU
		{5C886A9E-B244-4379-833D-C57D43EC37E6}.Release|iPhone.Deploy.0 = Release|Any CPU
		{5C886A9E-B244-4379-833D-C57D43EC37E6}.Release|iPhoneSimulator.ActiveCfg = Release|Any CPU
		{5C886A9E-B244-4379-833D-C57D43EC37E6}.Release|iPhoneSimulator.Build.0 = Release|Any CPU
		{5C886A9E-B244-4379-833D-C57D43EC37E6}.Release|iPhoneSimulator.Deploy.0 = Release|Any CPU
		{21287689-D74F-490D-83EC-5DE09C3D4803}.Ad-Hoc|Any CPU.ActiveCfg = Ad-Hoc|iPhone
		{21287689-D74F-490D-83EC-5DE09C3D4803}.Ad-Hoc|Any CPU.Build.0 = Ad-Hoc|iPhone
		{21287689-D74F-490D-83EC-5DE09C3D4803}.Ad-Hoc|Any CPU.Deploy.0 = Ad-Hoc|iPhone
		{21287689-D74F-490D-83EC-5DE09C3D4803}.Ad-Hoc|iPhone.ActiveCfg = Ad-Hoc|iPhone
		{21287689-D74F-490D-83EC-5DE09C3D4803}.Ad-Hoc|iPhone.Build.0 = Ad-Hoc|iPhone
		{21287689-D74F-490D-83EC-5DE09C3D4803}.Ad-Hoc|iPhone.Deploy.0 = Ad-Hoc|iPhone
		{21287689-D74F-490D-83EC-5DE09C3D4803}.Ad-Hoc|iPhoneSimulator.ActiveCfg = Ad-Hoc|iPhoneSimulator
		{21287689-D74F-490D-83EC-5DE09C3D4803}.Ad-Hoc|iPhoneSimulator.Build.0 = Ad-Hoc|iPhoneSimulator
		{21287689-D74F-490D-83EC-5DE09C3D4803}.Ad-Hoc|iPhoneSimulator.Deploy.0 = Ad-Hoc|iPhoneSimulator
		{21287689-D74F-490D-83EC-5DE09C3D4803}.AppStore|Any CPU.ActiveCfg = AppStore|iPhone
		{21287689-D74F-490D-83EC-5DE09C3D4803}.AppStore|Any CPU.Build.0 = AppStore|iPhone
		{21287689-D74F-490D-83EC-5DE09C3D4803}.AppStore|Any CPU.Deploy.0 = AppStore|iPhone
		{21287689-D74F-490D-83EC-5DE09C3D4803}.AppStore|iPhone.ActiveCfg = AppStore|iPhone
		{21287689-D74F-490D-83EC-5DE09C3D4803}.AppStore|iPhone.Build.0 = AppStore|iPhone
		{21287689-D74F-490D-83EC-5DE09C3D4803}.AppStore|iPhone.Deploy.0 = AppStore|iPhone
		{21287689-D74F-490D-83EC-5DE09C3D4803}.AppStore|iPhoneSimulator.ActiveCfg = AppStore|iPhoneSimulator
		{21287689-D74F-490D-83EC-5DE09C3D4803}.AppStore|iPhoneSimulator.Build.0 = AppStore|iPhoneSimulator
		{21287689-D74F-490D-83EC-5DE09C3D4803}.AppStore|iPhoneSimulator.Deploy.0 = AppStore|iPhoneSimulator
		{21287689-D74F-490D-83EC-5DE09C3D4803}.Debug|Any CPU.ActiveCfg = Debug|iPhoneSimulator
		{21287689-D74F-490D-83EC-5DE09C3D4803}.Debug|Any CPU.Build.0 = Debug|iPhoneSimulator
		{21287689-D74F-490D-83EC-5DE09C3D4803}.Debug|Any CPU.Deploy.0 = Debug|iPhoneSimulator
		{21287689-D74F-490D-83EC-5DE09C3D4803}.Debug|iPhone.ActiveCfg = Debug|iPhone
		{21287689-D74F-490D-83EC-5DE09C3D4803}.Debug|iPhone.Build.0 = Debug|iPhone
		{21287689-D74F-490D-83EC-5DE09C3D4803}.Debug|iPhone.Deploy.0 = Debug|iPhone
		{21287689-D74F-490D-83EC-5DE09C3D4803}.Debug|iPhoneSimulator.ActiveCfg = Debug|iPhoneSimulator
		{21287689-D74F-490D-83EC-5DE09C3D4803}.Debug|iPhoneSimulator.Build.0 = Debug|iPhoneSimulator
		{21287689-D74F-490D-83EC-5DE09C3D4803}.Debug|iPhoneSimulator.Deploy.0 = Debug|iPhoneSimulator
		{21287689-D74F-490D-83EC-5DE09C3D4803}.Release|Any CPU.ActiveCfg = Release|iPhone
		{21287689-D74F-490D-83EC-5DE09C3D4803}.Release|Any CPU.Build.0 = Release|iPhone
		{21287689-D74F-490D-83EC-5DE09C3D4803}.Release|Any CPU.Deploy.0 = Release|iPhone
		{21287689-D74F-490D-83EC-5DE09C3D4803}.Release|iPhone.ActiveCfg = Release|iPhone
		{21287689-D74F-490D-83EC-5DE09C3D4803}.Release|iPhone.Build.0 = Release|iPhone
		{21287689-D74F-490D-83EC-5DE09C3D4803}.Release|iPhone.Deploy.0 = Release|iPhone
		{21287689-D74F-490D-83EC-5DE09C3D4803}.Release|iPhoneSimulator.ActiveCfg = Release|iPhoneSimulator
		{21287689-D74F-490D-83EC-5DE09C3D4803}.Release|iPhoneSimulator.Build.0 = Release|iPhoneSimulator
		{21287689-D74F-490D-83EC-5DE09C3D4803}.Release|iPhoneSimulator.Deploy.0 = Release|iPhoneSimulator
		{283E4150-CD7A-4DB4-8E1F-82EC11691523}.Ad-Hoc|Any CPU.ActiveCfg = Debug|Any CPU
		{283E4150-CD7A-4DB4-8E1F-82EC11691523}.Ad-Hoc|Any CPU.Build.0 = Debug|Any CPU
		{283E4150-CD7A-4DB4-8E1F-82EC11691523}.Ad-Hoc|Any CPU.Deploy.0 = Debug|Any CPU
		{283E4150-CD7A-4DB4-8E1F-82EC11691523}.Ad-Hoc|iPhone.ActiveCfg = Debug|Any CPU
		{283E4150-CD7A-4DB4-8E1F-82EC11691523}.Ad-Hoc|iPhone.Build.0 = Debug|Any CPU
		{283E4150-CD7A-4DB4-8E1F-82EC11691523}.Ad-Hoc|iPhone.Deploy.0 = Debug|Any CPU
		{283E4150-CD7A-4DB4-8E1F-82EC11691523}.Ad-Hoc|iPhoneSimulator.ActiveCfg = Debug|Any CPU
		{283E4150-CD7A-4DB4-8E1F-82EC11691523}.Ad-Hoc|iPhoneSimulator.Build.0 = Debug|Any CPU
		{283E4150-CD7A-4DB4-8E1F-82EC11691523}.Ad-Hoc|iPhoneSimulator.Deploy.0 = Debug|Any CPU
		{283E4150-CD7A-4DB4-8E1F-82EC11691523}.AppStore|Any CPU.ActiveCfg = Debug|Any CPU
		{283E4150-CD7A-4DB4-8E1F-82EC11691523}.AppStore|Any CPU.Build.0 = Debug|Any CPU
		{283E4150-CD7A-4DB4-8E1F-82EC11691523}.AppStore|Any CPU.Deploy.0 = Debug|Any CPU
		{283E4150-CD7A-4DB4-8E1F-82EC11691523}.AppStore|iPhone.ActiveCfg = Debug|Any CPU
		{283E4150-CD7A-4DB4-8E1F-82EC11691523}.AppStore|iPhone.Build.0 = Debug|Any CPU
		{283E4150-CD7A-4DB4-8E1F-82EC11691523}.AppStore|iPhone.Deploy.0 = Debug|Any CPU
		{283E4150-CD7A-4DB4-8E1F-82EC11691523}.AppStore|iPhoneSimulator.ActiveCfg = Debug|Any CPU
		{283E4150-CD7A-4DB4-8E1F-82EC11691523}.AppStore|iPhoneSimulator.Build.0 = Debug|Any CPU
		{283E4150-CD7A-4DB4-8E1F-82EC11691523}.AppStore|iPhoneSimulator.Deploy.0 = Debug|Any CPU
		{283E4150-CD7A-4DB4-8E1F-82EC11691523}.Debug|Any CPU.ActiveCfg = Debug|Any CPU
		{283E4150-CD7A-4DB4-8E1F-82EC11691523}.Debug|Any CPU.Build.0 = Debug|Any CPU
		{283E4150-CD7A-4DB4-8E1F-82EC11691523}.Debug|Any CPU.Deploy.0 = Debug|Any CPU
		{283E4150-CD7A-4DB4-8E1F-82EC11691523}.Debug|iPhone.ActiveCfg = Debug|Any CPU
		{283E4150-CD7A-4DB4-8E1F-82EC11691523}.Debug|iPhone.Build.0 = Debug|Any CPU
		{283E4150-CD7A-4DB4-8E1F-82EC11691523}.Debug|iPhone.Deploy.0 = Debug|Any CPU
		{283E4150-CD7A-4DB4-8E1F-82EC11691523}.Debug|iPhoneSimulator.ActiveCfg = Debug|Any CPU
		{283E4150-CD7A-4DB4-8E1F-82EC11691523}.Debug|iPhoneSimulator.Build.0 = Debug|Any CPU
		{283E4150-CD7A-4DB4-8E1F-82EC11691523}.Debug|iPhoneSimulator.Deploy.0 = Debug|Any CPU
		{283E4150-CD7A-4DB4-8E1F-82EC11691523}.Release|Any CPU.ActiveCfg = Release|Any CPU
		{283E4150-CD7A-4DB4-8E1F-82EC11691523}.Release|Any CPU.Build.0 = Release|Any CPU
		{283E4150-CD7A-4DB4-8E1F-82EC11691523}.Release|Any CPU.Deploy.0 = Release|Any CPU
		{283E4150-CD7A-4DB4-8E1F-82EC11691523}.Release|iPhone.ActiveCfg = Release|Any CPU
		{283E4150-CD7A-4DB4-8E1F-82EC11691523}.Release|iPhone.Build.0 = Release|Any CPU
		{283E4150-CD7A-4DB4-8E1F-82EC11691523}.Release|iPhone.Deploy.0 = Release|Any CPU
		{283E4150-CD7A-4DB4-8E1F-82EC11691523}.Release|iPhoneSimulator.ActiveCfg = Release|Any CPU
		{283E4150-CD7A-4DB4-8E1F-82EC11691523}.Release|iPhoneSimulator.Build.0 = Release|Any CPU
		{283E4150-CD7A-4DB4-8E1F-82EC11691523}.Release|iPhoneSimulator.Deploy.0 = Release|Any CPU
	EndGlobalSection
	GlobalSection(SolutionProperties) = preSolution
		HideSolutionNode = FALSE
	EndGlobalSection
	GlobalSection(ExtensibilityGlobals) = postSolution
		SolutionGuid = {4C167C16-5568-41F0-94FF-00A4FAD76243}
	EndGlobalSection
EndGlobal
